
Microsoft Visual Studio Solution File, Format Version 12.00
# Visual Studio Version 16
VisualStudioVersion = 16.0.31624.102
MinimumVisualStudioVersion = 10.0.40219.1
Project("{FAE04EC0-301F-11D3-BF4B-00C04F79EFBC}") = "GrupoFamiliarPoli", "GrupoFamiliarPoli\GrupoFamiliarPoli.csproj", "{C8CD7EB0-8475-45BA-B936-3AFE99C75B7D}"
EndProject
Global
	GlobalSection(SolutionConfigurationPlatforms) = preSolution
		Debug|Any CPU = Debug|Any CPU
		Release|Any CPU = Release|Any CPU
	EndGlobalSection
	GlobalSection(ProjectConfigurationPlatforms) = postSolution
		{C8CD7EB0-8475-45BA-B936-3AFE99C75B7D}.Debug|Any CPU.ActiveCfg = Debug|Any CPU
		{C8CD7EB0-8475-45BA-B936-3AFE99C75B7D}.Debug|Any CPU.Build.0 = Debug|Any CPU
		{C8CD7EB0-8475-45BA-B936-3AFE99C75B7D}.Release|Any CPU.ActiveCfg = Release|Any CPU
		{C8CD7EB0-8475-45BA-B936-3AFE99C75B7D}.Release|Any CPU.Build.0 = Release|Any CPU
	EndGlobalSection
	GlobalSection(SolutionProperties) = preSolution
		HideSolutionNode = FALSE
	EndGlobalSection
	GlobalSection(ExtensibilityGlobals) = postSolution
		SolutionGuid = {9B1DA006-AD18-4CCD-86DD-34B615C29EB7}
	EndGlobalSection
EndGlobal
